
Microsoft Visual Studio Solution File, Format Version 12.00
# Visual Studio 15
VisualStudioVersion = 15.0.27130.2027
MinimumVisualStudioVersion = 10.0.40219.1
Project("{FAE04EC0-301F-11D3-BF4B-00C04F79EFBC}") = "ArraysTraining", "ArraysTraining\ArraysTraining.csproj", "{511EAD5C-F972-40E9-8D6D-F12AFDACBB84}"
EndProject
Global
	GlobalSection(SolutionConfigurationPlatforms) = preSolution
		Debug|Any CPU = Debug|Any CPU
		Release|Any CPU = Release|Any CPU
	EndGlobalSection
	GlobalSection(ProjectConfigurationPlatforms) = postSolution
		{511EAD5C-F972-40E9-8D6D-F12AFDACBB84}.Debug|Any CPU.ActiveCfg = Debug|Any CPU
		{511EAD5C-F972-40E9-8D6D-F12AFDACBB84}.Debug|Any CPU.Build.0 = Debug|Any CPU
		{511EAD5C-F972-40E9-8D6D-F12AFDACBB84}.Release|Any CPU.ActiveCfg = Release|Any CPU
		{511EAD5C-F972-40E9-8D6D-F12AFDACBB84}.Release|Any CPU.Build.0 = Release|Any CPU
	EndGlobalSection
	GlobalSection(SolutionProperties) = preSolution
		HideSolutionNode = FALSE
	EndGlobalSection
	GlobalSection(ExtensibilityGlobals) = postSolution
		SolutionGuid = {26F62C96-6521-4017-B8E6-CC0F33FE7C9D}
	EndGlobalSection
EndGlobal
